
Microsoft Visual Studio Solution File, Format Version 12.00
# Visual Studio Version 17
VisualStudioVersion = 17.14.36109.1 d17.14
MinimumVisualStudioVersion = 10.0.40219.1
Project("{FAE04EC0-301F-11D3-BF4B-00C04F79EFBC}") = "WebAppmysql", "WebAppmysql.csproj", "{64A6777F-2A0B-4B49-B484-E8BAC9877762}"
EndProject
Global
	GlobalSection(SolutionConfigurationPlatforms) = preSolution
		Debug|Any CPU = Debug|Any CPU
		Release|Any CPU = Release|Any CPU
	EndGlobalSection
	GlobalSection(ProjectConfigurationPlatforms) = postSolution
		{64A6777F-2A0B-4B49-B484-E8BAC9877762}.Debug|Any CPU.ActiveCfg = Debug|Any CPU
		{64A6777F-2A0B-4B49-B484-E8BAC9877762}.Debug|Any CPU.Build.0 = Debug|Any CPU
		{64A6777F-2A0B-4B49-B484-E8BAC9877762}.Release|Any CPU.ActiveCfg = Release|Any CPU
		{64A6777F-2A0B-4B49-B484-E8BAC9877762}.Release|Any CPU.Build.0 = Release|Any CPU
	EndGlobalSection
	GlobalSection(SolutionProperties) = preSolution
		HideSolutionNode = FALSE
	EndGlobalSection
	GlobalSection(ExtensibilityGlobals) = postSolution
		SolutionGuid = {26F09279-F8EC-4E47-959A-61DCE4DF0555}
	EndGlobalSection
EndGlobal
